
Microsoft Visual Studio Solution File, Format Version 12.00
# Visual Studio Version 16
VisualStudioVersion = 16.0.29709.97
MinimumVisualStudioVersion = 10.0.40219.1
Project("{FAE04EC0-301F-11D3-BF4B-00C04F79EFBC}") = "ООП6", "ООП6\ООП6.csproj", "{5CE51C48-7BA1-47F8-81CC-9E32E1074639}"
EndProject
Global
	GlobalSection(SolutionConfigurationPlatforms) = preSolution
		Debug|Any CPU = Debug|Any CPU
		Release|Any CPU = Release|Any CPU
	EndGlobalSection
	GlobalSection(ProjectConfigurationPlatforms) = postSolution
		{5CE51C48-7BA1-47F8-81CC-9E32E1074639}.Debug|Any CPU.ActiveCfg = Debug|Any CPU
		{5CE51C48-7BA1-47F8-81CC-9E32E1074639}.Debug|Any CPU.Build.0 = Debug|Any CPU
		{5CE51C48-7BA1-47F8-81CC-9E32E1074639}.Release|Any CPU.ActiveCfg = Release|Any CPU
		{5CE51C48-7BA1-47F8-81CC-9E32E1074639}.Release|Any CPU.Build.0 = Release|Any CPU
	EndGlobalSection
	GlobalSection(SolutionProperties) = preSolution
		HideSolutionNode = FALSE
	EndGlobalSection
	GlobalSection(ExtensibilityGlobals) = postSolution
		SolutionGuid = {837D10C2-0798-462A-9761-E76E50563151}
	EndGlobalSection
EndGlobal
